{
    "_readme": [
        "This file locks the dependencies of your project to a known state",
        "Read more about it at https://getcomposer.org/doc/01-basic-usage.md#installing-dependencies",
        "This file is @generated automatically"
    ],
    "content-hash": "4ae71d57c4510eb7859e676d710b36fb",
    "packages": [
        {
            "name": "alledia/edd-sl-plugin-updater",
            "version": "1.6.24",
            "source": {
                "type": "git",
                "url": "https://github.com/publishpress/edd-sl-plugin-updater.git",
                "reference": "d3f92cd47a858da15feede854eb4b984fcf28856"
            },
            "dist": {
                "type": "zip",
                "url": "https://api.github.com/repos/publishpress/edd-sl-plugin-updater/zipball/d3f92cd47a858da15feede854eb4b984fcf28856",
                "reference": "d3f92cd47a858da15feede854eb4b984fcf28856",
                "shasum": ""
            },
            "require": {
                "ext-json": "*",
                "php": ">=5.6.20"
            },
            "type": "library",
            "autoload": {
                "files": [
                    "EDD_SL_Plugin_Updater.php"
                ]
            },
            "notification-url": "https://packagist.org/downloads/",
            "license": [
                "GPL-2.0-or-later"
            ],
            "authors": [
                {
                    "name": "EasyDigitalDownloads",
                    "email": "contact@easydigitaldownloads.com"
                },
                {
                    "name": "PublishPress",
                    "email": "help@publishpress.com"
                },
                {
                    "name": "Alledia",
                    "email": "help@alledia.com"
                }
            ],
            "description": "EDD Updates Handler for WordPress Plugins",
            "keywords": [
                "edd",
                "updates",
                "wordpress"
            ],
            "support": {
                "issues": "https://github.com/publishpress/edd-sl-plugin-updater/issues",
                "source": "https://github.com/publishpress/edd-sl-plugin-updater/tree/1.6.24"
            },
            "time": "2026-01-09T19:19:53+00:00"
        },
        {
            "name": "publishpress/pimple-pimple",
            "version": "3.5.0.10",
            "source": {
                "type": "git",
                "url": "https://github.com/publishpress/library-pimple-pimple.git",
                "reference": "f2784f4b1ccaf195b373a46a74cf3742e7c9f826"
            },
            "dist": {
                "type": "zip",
                "url": "https://api.github.com/repos/publishpress/library-pimple-pimple/zipball/f2784f4b1ccaf195b373a46a74cf3742e7c9f826",
                "reference": "f2784f4b1ccaf195b373a46a74cf3742e7c9f826",
                "shasum": ""
            },
            "require": {
                "php": ">=7.2.5",
                "publishpress/psr-container": "^2.0.1.10"
            },
            "require-dev": {
                "brianhenryie/strauss": "^0.14.0",
                "codeception/module-asserts": "^1.0",
                "codeception/module-cli": "^1.0",
                "codeception/module-db": "^1.0",
                "codeception/module-filesystem": "^1.0",
                "codeception/module-phpbrowser": "^1.0",
                "codeception/module-webdriver": "^1.0",
                "codeception/util-universalframework": "^1.0",
                "lucatume/wp-browser": "^3.1",
                "pimple/pimple": "3.5.0",
                "publishpress/codeception-extension-extended-copier": "^1.0",
                "publishpress/version-loader-generator": "^1.0"
            },
            "type": "library",
            "extra": {
                "strauss": {
                    "packages": [
                        "pimple/pimple",
                        "psr/container"
                    ],
                    "include_author": "true",
                    "classmap_output": "true",
                    "classmap_prefix": "PublishPress_",
                    "constant_prefix": "PUBLISHPRESS_",
                    "namespace_prefix": "PublishPress\\",
                    "target_directory": "lib",
                    "exclude_from_copy": {
                        "packages": [],
                        "namespaces": [],
                        "file_patterns": []
                    },
                    "override_autoload": [],
                    "delete_vendor_files": true,
                    "exclude_from_prefix": {
                        "packages": [],
                        "namespaces": [],
                        "file_patterns": []
                    },
                    "delete_vendor_packages": true,
                    "namespace_replacement_patterns": []
                },
                "generator": {
                    "lib-class-test": "class_exists('PublishPress\\Pimple\\Container')",
                    "action-register-priority": "-200",
                    "action-initialize-priority": "-185"
                }
            },
            "autoload": {
                "files": [
                    "lib/include.php"
                ]
            },
            "notification-url": "https://packagist.org/downloads/",
            "license": [
                "MIT"
            ],
            "authors": [
                {
                    "name": "Fabien Potencier",
                    "email": "fabien@symfony.com"
                },
                {
                    "name": "PublishPress",
                    "email": "help@publishpress.com"
                }
            ],
            "description": "Pimple, a simple Dependency Injection Container, prefixed for PublishPress",
            "homepage": "https://github.com/silexphp/Pimple/",
            "keywords": [
                "container",
                "dependency injection",
                "publishpress"
            ],
            "support": {
                "issues": "https://github.com/publishpress/library-pimple-pimple/issues",
                "source": "https://github.com/publishpress/library-pimple-pimple/tree/3.5.0.10"
            },
            "time": "2023-05-30T18:41:10+00:00"
        },
        {
            "name": "publishpress/psr-container",
            "version": "2.0.2.1",
            "source": {
                "type": "git",
                "url": "https://github.com/publishpress/library-psr-container.git",
                "reference": "773a2510aa39a7f0ad5d5dfc78878abb939f5704"
            },
            "dist": {
                "type": "zip",
                "url": "https://api.github.com/repos/publishpress/library-psr-container/zipball/773a2510aa39a7f0ad5d5dfc78878abb939f5704",
                "reference": "773a2510aa39a7f0ad5d5dfc78878abb939f5704",
                "shasum": ""
            },
            "require": {
                "php": ">=7.2.5"
            },
            "require-dev": {
                "brianhenryie/strauss": "^0.14.0",
                "codeception/module-asserts": "^1.0",
                "codeception/module-cli": "^1.0",
                "codeception/module-db": "^1.0",
                "codeception/module-filesystem": "^1.0",
                "codeception/module-phpbrowser": "^1.0",
                "codeception/module-webdriver": "^1.0",
                "codeception/util-universalframework": "^1.0",
                "lucatume/wp-browser": "^3.1",
                "psr/container": "2.0.2",
                "publishpress/codeception-extension-extended-copier": "^1.0",
                "publishpress/version-loader-generator": "^1.0"
            },
            "type": "library",
            "extra": {
                "strauss": {
                    "packages": [
                        "psr/container"
                    ],
                    "include_author": "true",
                    "classmap_output": "true",
                    "classmap_prefix": "PublishPress_",
                    "constant_prefix": "PUBLISHPRESS_",
                    "namespace_prefix": "PublishPress\\",
                    "target_directory": "lib",
                    "exclude_from_copy": {
                        "packages": [],
                        "namespaces": [],
                        "file_patterns": []
                    },
                    "override_autoload": [],
                    "delete_vendor_files": true,
                    "exclude_from_prefix": {
                        "packages": [],
                        "namespaces": [],
                        "file_patterns": []
                    },
                    "delete_vendor_packages": true,
                    "namespace_replacement_patterns": []
                },
                "generator": {
                    "lib-class-test": "interface_exists('PublishPress\\Psr\\Container\\ContainerInterface')",
                    "action-register-priority": "-200",
                    "action-initialize-priority": "-190"
                }
            },
            "autoload": {
                "files": [
                    "lib/include.php"
                ]
            },
            "notification-url": "https://packagist.org/downloads/",
            "license": [
                "MIT"
            ],
            "authors": [
                {
                    "name": "PHP-FIG",
                    "homepage": "https://www.php-fig.org/"
                },
                {
                    "name": "PublishPress",
                    "email": "help@publishpress.com"
                }
            ],
            "description": "Common Container Interface (PHP FIG PSR-11), prefixed for PublishPress plugins",
            "homepage": "https://github.com/php-fig/container",
            "keywords": [
                "PSR-11",
                "container",
                "container-interface",
                "container-interop",
                "psr",
                "publishpress"
            ],
            "support": {
                "issues": "https://github.com/publishpress/library-psr-container/issues",
                "source": "https://github.com/publishpress/library-psr-container/tree/2.0.2.1"
            },
            "time": "2025-12-09T15:18:16+00:00"
        }
    ],
    "packages-dev": [
        {
            "name": "publishpress/version-loader-generator",
            "version": "1.2.3",
            "source": {
                "type": "git",
                "url": "https://github.com/publishpress/library-version-loader-generator.git",
                "reference": "07b8fbb43d329f6570645e9e75758002e8c96b6f"
            },
            "dist": {
                "type": "zip",
                "url": "https://api.github.com/repos/publishpress/library-version-loader-generator/zipball/07b8fbb43d329f6570645e9e75758002e8c96b6f",
                "reference": "07b8fbb43d329f6570645e9e75758002e8c96b6f",
                "shasum": ""
            },
            "require": {
                "ext-json": "*"
            },
            "require-dev": {
                "codeception/module-asserts": "^1.0",
                "codeception/module-filesystem": "^1.0",
                "codeception/util-universalframework": "^1.0",
                "lucatume/wp-browser": "^3.1",
                "php": ">=7.2.5"
            },
            "bin": [
                "bin/version-loader-generator"
            ],
            "type": "library",
            "notification-url": "https://packagist.org/downloads/",
            "license": [
                "GPL-2.0-or-later"
            ],
            "authors": [
                {
                    "name": "Anderson Martins",
                    "email": "anderson@publishpress.com"
                }
            ],
            "description": "Composer script to generate the version loader files for libraries on PubilshPress",
            "support": {
                "issues": "https://github.com/publishpress/library-version-loader-generator/issues",
                "source": "https://github.com/publishpress/library-version-loader-generator/tree/1.2.3"
            },
            "time": "2025-07-23T02:57:47+00:00"
        }
    ],
    "aliases": [],
    "minimum-stability": "stable",
    "stability-flags": {},
    "prefer-stable": false,
    "prefer-lowest": false,
    "platform": {
        "php": ">=5.6.20",
        "ext-json": "*"
    },
    "platform-dev": {},
    "plugin-api-version": "2.6.0"
}
